// !$*UTF8*$!
{
	archiveVersion = 1;
	classes = {
	};
	objectVersion = 77;
	objects = {

/* Begin PBXContainerItemProxy section */
		6C1F96CF2EC5578E002AC3F5 /* PBXContainerItemProxy */ = {
			isa = PBXContainerItemProxy;
			containerPortal = 6C1F96B62EC5578C002AC3F5 /* Project object */;
			proxyType = 1;
			remoteGlobalIDString = 6C1F96BD2EC5578C002AC3F5;
			remoteInfo = day16;
		};
		6C1F96D92EC5578E002AC3F5 /* PBXContainerItemProxy */ = {
			isa = PBXContainerItemProxy;
			containerPortal = 6C1F96B62EC5578C002AC3F5 /* Project object */;
			proxyType = 1;
			remoteGlobalIDString = 6C1F96BD2EC5578C002AC3F5;
			remoteInfo = day16;
		};
/* End PBXContainerItemProxy section */

/* Begin PBXFileReference section */
		6C1F96BE2EC5578C002AC3F5 /* day16.app */ = {isa = PBXFileReference; explicitFileType = wrapper.application; includeInIndex = 0; path = day16.app; sourceTree = BUILT_PRODUCTS_DIR; };
		6C1F96CE2EC5578E002AC3F5 /* day16Tests.xctest */ = {isa = PBXFileReference; explicitFileType = wrapper.cfbundle; includeInIndex = 0; path = day16Tests.xctest; sourceTree = BUILT_PRODUCTS_DIR; };
		6C1F96D82EC5578E002AC3F5 /* day16UITests.xctest */ = {isa = PBXFileReference; explicitFileType = wrapper.cfbundle; includeInIndex = 0; path = day16UITests.xctest; sourceTree = BUILT_PRODUCTS_DIR; };
/* End PBXFileReference section */

/* Begin PBXFileSystemSynchronizedRootGroup section */
		6C1F96C02EC5578C002AC3F5 /* day16 */ = {
			isa = PBXFileSystemSynchronizedRootGroup;
			path = day16;
			sourceTree = "<group>";
		};
		6C1F96D12EC5578E002AC3F5 /* day16Tests */ = {
			isa = PBXFileSystemSynchronizedRootGroup;
			path = day16Tests;
			sourceTree = "<group>";
		};
		6C1F96DB2EC5578E002AC3F5 /* day16UITests */ = {
			isa = PBXFileSystemSynchronizedRootGroup;
			path = day16UITests;
			sourceTree = "<group>";
		};
/* End PBXFileSystemSynchronizedRootGroup section */

/* Begin PBXFrameworksBuildPhase section */
		6C1F96BB2EC5578C002AC3F5 /* Frameworks */ = {
			isa = PBXFrameworksBuildPhase;
			buildActionMask = 2147483647;
			files = (
			);
			runOnlyForDeploymentPostprocessing = 0;
		};
		6C1F96CB2EC5578E002AC3F5 /* Frameworks */ = {
			isa = PBXFrameworksBuildPhase;
			buildActionMask = 2147483647;
			files = (
			);
			runOnlyForDeploymentPostprocessing = 0;
		};
		6C1F96D52EC5578E002AC3F5 /* Frameworks */ = {
			isa = PBXFrameworksBuildPhase;
			buildActionMask = 2147483647;
			files = (
			);
			runOnlyForDeploymentPostprocessing = 0;
		};
/* End PBXFrameworksBuildPhase section */

/* Begin PBXGroup section */
		6C1F96B52EC5578C002AC3F5 = {
			isa = PBXGroup;
			children = (
				6C1F96C02EC5578C002AC3F5 /* day16 */,
				6C1F96D12EC5578E002AC3F5 /* day16Tests */,
				6C1F96DB2EC5578E002AC3F5 /* day16UITests */,
				6C1F96BF2EC5578C002AC3F5 /* Products */,
			);
			sourceTree = "<group>";
		};
		6C1F96BF2EC5578C002AC3F5 /* Products */ = {
			isa = PBXGroup;
			children = (
				6C1F96BE2EC5578C002AC3F5 /* day16.app */,
				6C1F96CE2EC5578E002AC3F5 /* day16Tests.xctest */,
				6C1F96D82EC5578E002AC3F5 /* day16UITests.xctest */,
			);
			name = Products;
			sourceTree = "<group>";
		};
/* End PBXGroup section */

/* Begin PBXNativeTarget section */
		6C1F96BD2EC5578C002AC3F5 /* day16 */ = {
			isa = PBXNativeTarget;
			buildConfigurationList = 6C1F96E22EC5578E002AC3F5 /* Build configuration list for PBXNativeTarget "day16" */;
			buildPhases = (
				6C1F96BA2EC5578C002AC3F5 /* Sources */,
				6C1F96BB2EC5578C002AC3F5 /* Frameworks */,
				6C1F96BC2EC5578C002AC3F5 /* Resources */,
			);
			buildRules = (
			);
			dependencies = (
			);
			fileSystemSynchronizedGroups = (
				6C1F96C02EC5578C002AC3F5 /* day16 */,
			);
			name = day16;
			packageProductDependencies = (
			);
			productName = day16;
			productReference = 6C1F96BE2EC5578C002AC3F5 /* day16.app */;
			productType = "com.apple.product-type.application";
		};
		6C1F96CD2EC5578E002AC3F5 /* day16Tests */ = {
			isa = PBXNativeTarget;
			buildConfigurationList = 6C1F96E52EC5578E002AC3F5 /* Build configuration list for PBXNativeTarget "day16Tests" */;
			buildPhases = (
				6C1F96CA2EC5578E002AC3F5 /* Sources */,
				6C1F96CB2EC5578E002AC3F5 /* Frameworks */,
				6C1F96CC2EC5578E002AC3F5 /* Resources */,
			);
			buildRules = (
			);
			dependencies = (
				6C1F96D02EC5578E002AC3F5 /* PBXTargetDependency */,
			);
			fileSystemSynchronizedGroups = (
				6C1F96D12EC5578E002AC3F5 /* day16Tests */,
			);
			name = day16Tests;
			packageProductDependencies = (
			);
			productName = day16Tests;
			productReference = 6C1F96CE2EC5578E002AC3F5 /* day16Tests.xctest */;
			productType = "com.apple.product-type.bundle.unit-test";
		};
		6C1F96D72EC5578E002AC3F5 /* day16UITests */ = {
			isa = PBXNativeTarget;
			buildConfigurationList = 6C1F96E82EC5578E002AC3F5 /* Build configuration list for PBXNativeTarget "day16UITests" */;
			buildPhases = (
				6C1F96D42EC5578E002AC3F5 /* Sources */,
				6C1F96D52EC5578E002AC3F5 /* Frameworks */,
				6C1F96D62EC5578E002AC3F5 /* Resources */,
			);
			buildRules = (
			);
			dependencies = (
				6C1F96DA2EC5578E002AC3F5 /* PBXTargetDependency */,
			);
			fileSystemSynchronizedGroups = (
				6C1F96DB2EC5578E002AC3F5 /* day16UITests */,
			);
			name = day16UITests;
			packageProductDependencies = (
			);
			productName = day16UITests;
			productReference = 6C1F96D82EC5578E002AC3F5 /* day16UITests.xctest */;
			productType = "com.apple.product-type.bundle.ui-testing";
		};
/* End PBXNativeTarget section */

/* Begin PBXProject section */
		6C1F96B62EC5578C002AC3F5 /* Project object */ = {
			isa = PBXProject;
			attributes = {
				BuildIndependentTargetsInParallel = 1;
				LastSwiftUpdateCheck = 1620;
				LastUpgradeCheck = 1620;
				TargetAttributes = {
					6C1F96BD2EC5578C002AC3F5 = {
						CreatedOnToolsVersion = 16.2;
					};
					6C1F96CD2EC5578E002AC3F5 = {
						CreatedOnToolsVersion = 16.2;
						TestTargetID = 6C1F96BD2EC5578C002AC3F5;
					};
					6C1F96D72EC5578E002AC3F5 = {
						CreatedOnToolsVersion = 16.2;
						TestTargetID = 6C1F96BD2EC5578C002AC3F5;
					};
				};
			};
			buildConfigurationList = 6C1F96B92EC5578C002AC3F5 /* Build configuration list for PBXProject "day16" */;
			developmentRegion = en;
			hasScannedForEncodings = 0;
			knownRegions = (
				en,
				Base,
			);
			mainGroup = 6C1F96B52EC5578C002AC3F5;
			minimizedProjectReferenceProxies = 1;
			preferredProjectObjectVersion = 77;
			productRefGroup = 6C1F96BF2EC5578C002AC3F5 /* Products */;
			projectDirPath = "";
			projectRoot = "";
			targets = (
				6C1F96BD2EC5578C002AC3F5 /* day16 */,
				6C1F96CD2EC5578E002AC3F5 /* day16Tests */,
				6C1F96D72EC5578E002AC3F5 /* day16UITests */,
			);
		};
/* End PBXProject section */

/* Begin PBXResourcesBuildPhase section */
		6C1F96BC2EC5578C002AC3F5 /* Resources */ = {
			isa = PBXResourcesBuildPhase;
			buildActionMask = 2147483647;
			files = (
			);
			runOnlyForDeploymentPostprocessing = 0;
		};
		6C1F96CC2EC5578E002AC3F5 /* Resources */ = {
			isa = PBXResourcesBuildPhase;
			buildActionMask = 2147483647;
			files = (
			);
			runOnlyForDeploymentPostprocessing = 0;
		};
		6C1F96D62EC5578E002AC3F5 /* Resources */ = {
			isa = PBXResourcesBuildPhase;
			buildActionMask = 2147483647;
			files = (
			);
			runOnlyForDeploymentPostprocessing = 0;
		};
/* End PBXResourcesBuildPhase section */

/* Begin PBXSourcesBuildPhase section */
		6C1F96BA2EC5578C002AC3F5 /* Sources */ = {
			isa = PBXSourcesBuildPhase;
			buildActionMask = 2147483647;
			files = (
			);
			runOnlyForDeploymentPostprocessing = 0;
		};
		6C1F96CA2EC5578E002AC3F5 /* Sources */ = {
			isa = PBXSourcesBuildPhase;
			buildActionMask = 2147483647;
			files = (
			);
			runOnlyForDeploymentPostprocessing = 0;
		};
		6C1F96D42EC5578E002AC3F5 /* Sources */ = {
			isa = PBXSourcesBuildPhase;
			buildActionMask = 2147483647;
			files = (
			);
			runOnlyForDeploymentPostprocessing = 0;
		};
/* End PBXSourcesBuildPhase section */

/* Begin PBXTargetDependency section */
		6C1F96D02EC5578E002AC3F5 /* PBXTargetDependency */ = {
			isa = PBXTargetDependency;
			target = 6C1F96BD2EC5578C002AC3F5 /* day16 */;
			targetProxy = 6C1F96CF2EC5578E002AC3F5 /* PBXContainerItemProxy */;
		};
		6C1F96DA2EC5578E002AC3F5 /* PBXTargetDependency */ = {
			isa = PBXTargetDependency;
			target = 6C1F96BD2EC5578C002AC3F5 /* day16 */;
			targetProxy = 6C1F96D92EC5578E002AC3F5 /* PBXContainerItemProxy */;
		};
/* End PBXTargetDependency section */

/* Begin XCBuildConfiguration section */
		6C1F96E02EC5578E002AC3F5 /* Debug */ = {
			isa = XCBuildConfiguration;
			buildSettings = {
				ALWAYS_SEARCH_USER_PATHS = NO;
				ASSETCATALOG_COMPILER_GENERATE_SWIFT_ASSET_SYMBOL_EXTENSIONS = YES;
				CLANG_ANALYZER_NONNULL = YES;
				CLANG_ANALYZER_NUMBER_OBJECT_CONVERSION = YES_AGGRESSIVE;
				CLANG_CXX_LANGUAGE_STANDARD = "gnu++20";
				CLANG_ENABLE_MODULES = YES;
				CLANG_ENABLE_OBJC_ARC = YES;
				CLANG_ENABLE_OBJC_WEAK = YES;
				CLANG_WARN_BLOCK_CAPTURE_AUTORELEASING = YES;
				CLANG_WARN_BOOL_CONVERSION = YES;
				CLANG_WARN_COMMA = YES;
				CLANG_WARN_CONSTANT_CONVERSION = YES;
				CLANG_WARN_DEPRECATED_OBJC_IMPLEMENTATIONS = YES;
				CLANG_WARN_DIRECT_OBJC_ISA_USAGE = YES_ERROR;
				CLANG_WARN_DOCUMENTATION_COMMENTS = YES;
				CLANG_WARN_EMPTY_BODY = YES;
				CLANG_WARN_ENUM_CONVERSION = YES;
				CLANG_WARN_INFINITE_RECURSION = YES;
				CLANG_WARN_INT_CONVERSION = YES;
				CLANG_WARN_NON_LITERAL_NULL_CONVERSION = YES;
				CLANG_WARN_OBJC_IMPLICIT_RETAIN_SELF = YES;
				CLANG_WARN_OBJC_LITERAL_CONVERSION = YES;
				CLANG_WARN_OBJC_ROOT_CLASS = YES_ERROR;
				CLANG_WARN_QUOTED_INCLUDE_IN_FRAMEWORK_HEADER = YES;
				CLANG_WARN_RANGE_LOOP_ANALYSIS = YES;
				CLANG_WARN_STRICT_PROTOTYPES = YES;
				CLANG_WARN_SUSPICIOUS_MOVE = YES;
				CLANG_WARN_UNGUARDED_AVAILABILITY = YES_AGGRESSIVE;
				CLANG_WARN_UNREACHABLE_CODE = YES;
				CLANG_WARN__DUPLICATE_METHOD_MATCH = YES;
				COPY_PHASE_STRIP = NO;
				DEBUG_INFORMATION_FORMAT = dwarf;
				ENABLE_STRICT_OBJC_MSGSEND = YES;
				ENABLE_TESTABILITY = YES;
				ENABLE_USER_SCRIPT_SANDBOXING = YES;
				GCC_C_LANGUAGE_STANDARD = gnu17;
				GCC_DYNAMIC_NO_PIC = NO;
				GCC_NO_COMMON_BLOCKS = YES;
				GCC_OPTIMIZATION_LEVEL = 0;
				GCC_PREPROCESSOR_DEFINITIONS = (
					"DEBUG=1",
					"$(inherited)",
				);
				GCC_WARN_64_TO_32_BIT_CONVERSION = YES;
				GCC_WARN_ABOUT_RETURN_TYPE = YES_ERROR;
				GCC_WARN_UNDECLARED_SELECTOR = YES;
				GCC_WARN_UNINITIALIZED_AUTOS = YES_AGGRESSIVE;
				GCC_WARN_UNUSED_FUNCTION = YES;
				GCC_WARN_UNUSED_VARIABLE = YES;
				IPHONEOS_DEPLOYMENT_TARGET = 18.2;
				LOCALIZATION_PREFERS_STRING_CATALOGS = YES;
				MTL_ENABLE_DEBUG_INFO = INCLUDE_SOURCE;
				MTL_FAST_MATH = YES;
				ONLY_ACTIVE_ARCH = YES;
				SDKROOT = iphoneos;
				SWIFT_ACTIVE_COMPILATION_CONDITIONS = "DEBUG $(inherited)";
				SWIFT_OPTIMIZATION_LEVEL = "-Onone";
			};
			name = Debug;
		};
		6C1F96E12EC5578E002AC3F5 /* Release */ = {
			isa = XCBuildConfiguration;
			buildSettings = {
				ALWAYS_SEARCH_USER_PATHS = NO;
				ASSETCATALOG_COMPILER_GENERATE_SWIFT_ASSET_SYMBOL_EXTENSIONS = YES;
				CLANG_ANALYZER_NONNULL = YES;
				CLANG_ANALYZER_NUMBER_OBJECT_CONVERSION = YES_AGGRESSIVE;
				CLANG_CXX_LANGUAGE_STANDARD = "gnu++20";
				CLANG_ENABLE_MODULES = YES;
				CLANG_ENABLE_OBJC_ARC = YES;
				CLANG_ENABLE_OBJC_WEAK = YES;
				CLANG_WARN_BLOCK_CAPTURE_AUTORELEASING = YES;
				CLANG_WARN_BOOL_CONVERSION = YES;
				CLANG_WARN_COMMA = YES;
				CLANG_WARN_CONSTANT_CONVERSION = YES;
				CLANG_WARN_DEPRECATED_OBJC_IMPLEMENTATIONS = YES;
				CLANG_WARN_DIRECT_OBJC_ISA_USAGE = YES_ERROR;
				CLANG_WARN_DOCUMENTATION_COMMENTS = YES;
				CLANG_WARN_EMPTY_BODY = YES;
				CLANG_WARN_ENUM_CONVERSION = YES;
				CLANG_WARN_INFINITE_RECURSION = YES;
				CLANG_WARN_INT_CONVERSION = YES;
				CLANG_WARN_NON_LITERAL_NULL_CONVERSION = YES;
				CLANG_WARN_OBJC_IMPLICIT_RETAIN_SELF = YES;
				CLANG_WARN_OBJC_LITERAL_CONVERSION = YES;
				CLANG_WARN_OBJC_ROOT_CLASS = YES_ERROR;
				CLANG_WARN_QUOTED_INCLUDE_IN_FRAMEWORK_HEADER = YES;
				CLANG_WARN_RANGE_LOOP_ANALYSIS = YES;
				CLANG_WARN_STRICT_PROTOTYPES = YES;
				CLANG_WARN_SUSPICIOUS_MOVE = YES;
				CLANG_WARN_UNGUARDED_AVAILABILITY = YES_AGGRESSIVE;
				CLANG_WARN_UNREACHABLE_CODE = YES;
				CLANG_WARN__DUPLICATE_METHOD_MATCH = YES;
				COPY_PHASE_STRIP = NO;
				DEBUG_INFORMATION_FORMAT = "dwarf-with-dsym";
				ENABLE_NS_ASSERTIONS = NO;
				ENABLE_STRICT_OBJC_MSGSEND = YES;
				ENABLE_USER_SCRIPT_SANDBOXING = YES;
				GCC_C_LANGUAGE_STANDARD = gnu17;
				GCC_NO_COMMON_BLOCKS = YES;
				GCC_WARN_64_TO_32_BIT_CONVERSION = YES;
				GCC_WARN_ABOUT_RETURN_TYPE = YES_ERROR;
				GCC_WARN_UNDECLARED_SELECTOR = YES;
				GCC_WARN_UNINITIALIZED_AUTOS = YES_AGGRESSIVE;
				GCC_WARN_UNUSED_FUNCTION = YES;
				GCC_WARN_UNUSED_VARIABLE = YES;
				IPHONEOS_DEPLOYMENT_TARGET = 18.2;
				LOCALIZATION_PREFERS_STRING_CATALOGS = YES;
				MTL_ENABLE_DEBUG_INFO = NO;
				MTL_FAST_MATH = YES;
				SDKROOT = iphoneos;
				SWIFT_COMPILATION_MODE = wholemodule;
				VALIDATE_PRODUCT = YES;
			};
			name = Release;
		};
		6C1F96E32EC5578E002AC3F5 /* Debug */ = {
			isa = XCBuildConfiguration;
			buildSettings = {
				ASSETCATALOG_COMPILER_APPICON_NAME = AppIcon;
				ASSETCATALOG_COMPILER_GLOBAL_ACCENT_COLOR_NAME = AccentColor;
				CODE_SIGN_STYLE = Automatic;
				CURRENT_PROJECT_VERSION = 1;
				DEVELOPMENT_ASSET_PATHS = "\"day16/Preview Content\"";
				DEVELOPMENT_TEAM = L56LNTR7PZ;
				ENABLE_PREVIEWS = YES;
				GENERATE_INFOPLIST_FILE = YES;
				INFOPLIST_KEY_UIApplicationSceneManifest_Generation = YES;
				INFOPLIST_KEY_UIApplicationSupportsIndirectInputEvents = YES;
				INFOPLIST_KEY_UILaunchScreen_Generation = YES;
				INFOPLIST_KEY_UISupportedInterfaceOrientations_iPad = "UIInterfaceOrientationPortrait UIInterfaceOrientationPortraitUpsideDown UIInterfaceOrientationLandscapeLeft UIInterfaceOrientationLandscapeRight";
				INFOPLIST_KEY_UISupportedInterfaceOrientations_iPhone = "UIInterfaceOrientationPortrait UIInterfaceOrientationLandscapeLeft UIInterfaceOrientationLandscapeRight";
				LD_RUNPATH_SEARCH_PATHS = (
					"$(inherited)",
					"@executable_path/Frameworks",
				);
				MARKETING_VERSION = 1.0;
				PRODUCT_BUNDLE_IDENTIFIER = com.study.day16;
				PRODUCT_NAME = "$(TARGET_NAME)";
				SWIFT_EMIT_LOC_STRINGS = YES;
				SWIFT_VERSION = 5.0;
				TARGETED_DEVICE_FAMILY = "1,2";
			};
			name = Debug;
		};
		6C1F96E42EC5578E002AC3F5 /* Release */ = {
			isa = XCBuildConfiguration;
			buildSettings = {
				ASSETCATALOG_COMPILER_APPICON_NAME = AppIcon;
				ASSETCATALOG_COMPILER_GLOBAL_ACCENT_COLOR_NAME = AccentColor;
				CODE_SIGN_STYLE = Automatic;
				CURRENT_PROJECT_VERSION = 1;
				DEVELOPMENT_ASSET_PATHS = "\"day16/Preview Content\"";
				DEVELOPMENT_TEAM = L56LNTR7PZ;
				ENABLE_PREVIEWS = YES;
				GENERATE_INFOPLIST_FILE = YES;
				INFOPLIST_KEY_UIApplicationSceneManifest_Generation = YES;
				INFOPLIST_KEY_UIApplicationSupportsIndirectInputEvents = YES;
				INFOPLIST_KEY_UILaunchScreen_Generation = YES;
				INFOPLIST_KEY_UISupportedInterfaceOrientations_iPad = "UIInterfaceOrientationPortrait UIInterfaceOrientationPortraitUpsideDown UIInterfaceOrientationLandscapeLeft UIInterfaceOrientationLandscapeRight";
				INFOPLIST_KEY_UISupportedInterfaceOrientations_iPhone = "UIInterfaceOrientationPortrait UIInterfaceOrientationLandscapeLeft UIInterfaceOrientationLandscapeRight";
				LD_RUNPATH_SEARCH_PATHS = (
					"$(inherited)",
					"@executable_path/Frameworks",
				);
				MARKETING_VERSION = 1.0;
				PRODUCT_BUNDLE_IDENTIFIER = com.study.day16;
				PRODUCT_NAME = "$(TARGET_NAME)";
				SWIFT_EMIT_LOC_STRINGS = YES;
				SWIFT_VERSION = 5.0;
				TARGETED_DEVICE_FAMILY = "1,2";
			};
			name = Release;
		};
		6C1F96E62EC5578E002AC3F5 /* Debug */ = {
			isa = XCBuildConfiguration;
			buildSettings = {
				BUNDLE_LOADER = "$(TEST_HOST)";
				CODE_SIGN_STYLE = Automatic;
				CURRENT_PROJECT_VERSION = 1;
				DEVELOPMENT_TEAM = L56LNTR7PZ;
				GENERATE_INFOPLIST_FILE = YES;
				IPHONEOS_DEPLOYMENT_TARGET = 18.2;
				MARKETING_VERSION = 1.0;
				PRODUCT_BUNDLE_IDENTIFIER = com.study.day16Tests;
				PRODUCT_NAME = "$(TARGET_NAME)";
				SWIFT_EMIT_LOC_STRINGS = NO;
				SWIFT_VERSION = 5.0;
				TARGETED_DEVICE_FAMILY = "1,2";
				TEST_HOST = "$(BUILT_PRODUCTS_DIR)/day16.app/$(BUNDLE_EXECUTABLE_FOLDER_PATH)/day16";
			};
			name = Debug;
		};
		6C1F96E72EC5578E002AC3F5 /* Release */ = {
			isa = XCBuildConfiguration;
			buildSettings = {
				BUNDLE_LOADER = "$(TEST_HOST)";
				CODE_SIGN_STYLE = Automatic;
				CURRENT_PROJECT_VERSION = 1;
				DEVELOPMENT_TEAM = L56LNTR7PZ;
				GENERATE_INFOPLIST_FILE = YES;
				IPHONEOS_DEPLOYMENT_TARGET = 18.2;
				MARKETING_VERSION = 1.0;
				PRODUCT_BUNDLE_IDENTIFIER = com.study.day16Tests;
				PRODUCT_NAME = "$(TARGET_NAME)";
				SWIFT_EMIT_LOC_STRINGS = NO;
				SWIFT_VERSION = 5.0;
				TARGETED_DEVICE_FAMILY = "1,2";
				TEST_HOST = "$(BUILT_PRODUCTS_DIR)/day16.app/$(BUNDLE_EXECUTABLE_FOLDER_PATH)/day16";
			};
			name = Release;
		};
		6C1F96E92EC5578E002AC3F5 /* Debug */ = {
			isa = XCBuildConfiguration;
			buildSettings = {
				CODE_SIGN_STYLE = Automatic;
				CURRENT_PROJECT_VERSION = 1;
				DEVELOPMENT_TEAM = L56LNTR7PZ;
				GENERATE_INFOPLIST_FILE = YES;
				MARKETING_VERSION = 1.0;
				PRODUCT_BUNDLE_IDENTIFIER = com.study.day16UITests;
				PRODUCT_NAME = "$(TARGET_NAME)";
				SWIFT_EMIT_LOC_STRINGS = NO;
				SWIFT_VERSION = 5.0;
				TARGETED_DEVICE_FAMILY = "1,2";
				TEST_TARGET_NAME = day16;
			};
			name = Debug;
		};
		6C1F96EA2EC5578E002AC3F5 /* Release */ = {
			isa = XCBuildConfiguration;
			buildSettings = {
				CODE_SIGN_STYLE = Automatic;
				CURRENT_PROJECT_VERSION = 1;
				DEVELOPMENT_TEAM = L56LNTR7PZ;
				GENERATE_INFOPLIST_FILE = YES;
				MARKETING_VERSION = 1.0;
				PRODUCT_BUNDLE_IDENTIFIER = com.study.day16UITests;
				PRODUCT_NAME = "$(TARGET_NAME)";
				SWIFT_EMIT_LOC_STRINGS = NO;
				SWIFT_VERSION = 5.0;
				TARGETED_DEVICE_FAMILY = "1,2";
				TEST_TARGET_NAME = day16;
			};
			name = Release;
		};
/* End XCBuildConfiguration section */

/* Begin XCConfigurationList section */
		6C1F96B92EC5578C002AC3F5 /* Build configuration list for PBXProject "day16" */ = {
			isa = XCConfigurationList;
			buildConfigurations = (
				6C1F96E02EC5578E002AC3F5 /* Debug */,
				6C1F96E12EC5578E002AC3F5 /* Release */,
			);
			defaultConfigurationIsVisible = 0;
			defaultConfigurationName = Release;
		};
		6C1F96E22EC5578E002AC3F5 /* Build configuration list for PBXNativeTarget "day16" */ = {
			isa = XCConfigurationList;
			buildConfigurations = (
				6C1F96E32EC5578E002AC3F5 /* Debug */,
				6C1F96E42EC5578E002AC3F5 /* Release */,
			);
			defaultConfigurationIsVisible = 0;
			defaultConfigurationName = Release;
		};
		6C1F96E52EC5578E002AC3F5 /* Build configuration list for PBXNativeTarget "day16Tests" */ = {
			isa = XCConfigurationList;
			buildConfigurations = (
				6C1F96E62EC5578E002AC3F5 /* Debug */,
				6C1F96E72EC5578E002AC3F5 /* Release */,
			);
			defaultConfigurationIsVisible = 0;
			defaultConfigurationName = Release;
		};
		6C1F96E82EC5578E002AC3F5 /* Build configuration list for PBXNativeTarget "day16UITests" */ = {
			isa = XCConfigurationList;
			buildConfigurations = (
				6C1F96E92EC5578E002AC3F5 /* Debug */,
				6C1F96EA2EC5578E002AC3F5 /* Release */,
			);
			defaultConfigurationIsVisible = 0;
			defaultConfigurationName = Release;
		};
/* End XCConfigurationList section */
	};
	rootObject = 6C1F96B62EC5578C002AC3F5 /* Project object */;
}
