// !$*UTF8*$!
{
	archiveVersion = 1;
	classes = {
	};
	objectVersion = 77;
	objects = {

/* Begin PBXContainerItemProxy section */
		6C9B43812EC7F3FB000FB8B6 /* PBXContainerItemProxy */ = {
			isa = PBXContainerItemProxy;
			containerPortal = 6C9B43682EC7F3F9000FB8B6 /* Project object */;
			proxyType = 1;
			remoteGlobalIDString = 6C9B436F2EC7F3F9000FB8B6;
			remoteInfo = day18;
		};
		6C9B438B2EC7F3FB000FB8B6 /* PBXContainerItemProxy */ = {
			isa = PBXContainerItemProxy;
			containerPortal = 6C9B43682EC7F3F9000FB8B6 /* Project object */;
			proxyType = 1;
			remoteGlobalIDString = 6C9B436F2EC7F3F9000FB8B6;
			remoteInfo = day18;
		};
/* End PBXContainerItemProxy section */

/* Begin PBXFileReference section */
		6C9B43702EC7F3F9000FB8B6 /* day18.app */ = {isa = PBXFileReference; explicitFileType = wrapper.application; includeInIndex = 0; path = day18.app; sourceTree = BUILT_PRODUCTS_DIR; };
		6C9B43802EC7F3FB000FB8B6 /* day18Tests.xctest */ = {isa = PBXFileReference; explicitFileType = wrapper.cfbundle; includeInIndex = 0; path = day18Tests.xctest; sourceTree = BUILT_PRODUCTS_DIR; };
		6C9B438A2EC7F3FB000FB8B6 /* day18UITests.xctest */ = {isa = PBXFileReference; explicitFileType = wrapper.cfbundle; includeInIndex = 0; path = day18UITests.xctest; sourceTree = BUILT_PRODUCTS_DIR; };
/* End PBXFileReference section */

/* Begin PBXFileSystemSynchronizedRootGroup section */
		6C9B43722EC7F3F9000FB8B6 /* day18 */ = {
			isa = PBXFileSystemSynchronizedRootGroup;
			path = day18;
			sourceTree = "<group>";
		};
		6C9B43832EC7F3FB000FB8B6 /* day18Tests */ = {
			isa = PBXFileSystemSynchronizedRootGroup;
			path = day18Tests;
			sourceTree = "<group>";
		};
		6C9B438D2EC7F3FB000FB8B6 /* day18UITests */ = {
			isa = PBXFileSystemSynchronizedRootGroup;
			path = day18UITests;
			sourceTree = "<group>";
		};
/* End PBXFileSystemSynchronizedRootGroup section */

/* Begin PBXFrameworksBuildPhase section */
		6C9B436D2EC7F3F9000FB8B6 /* Frameworks */ = {
			isa = PBXFrameworksBuildPhase;
			buildActionMask = 2147483647;
			files = (
			);
			runOnlyForDeploymentPostprocessing = 0;
		};
		6C9B437D2EC7F3FB000FB8B6 /* Frameworks */ = {
			isa = PBXFrameworksBuildPhase;
			buildActionMask = 2147483647;
			files = (
			);
			runOnlyForDeploymentPostprocessing = 0;
		};
		6C9B43872EC7F3FB000FB8B6 /* Frameworks */ = {
			isa = PBXFrameworksBuildPhase;
			buildActionMask = 2147483647;
			files = (
			);
			runOnlyForDeploymentPostprocessing = 0;
		};
/* End PBXFrameworksBuildPhase section */

/* Begin PBXGroup section */
		6C9B43672EC7F3F9000FB8B6 = {
			isa = PBXGroup;
			children = (
				6C9B43722EC7F3F9000FB8B6 /* day18 */,
				6C9B43832EC7F3FB000FB8B6 /* day18Tests */,
				6C9B438D2EC7F3FB000FB8B6 /* day18UITests */,
				6C9B43712EC7F3F9000FB8B6 /* Products */,
			);
			sourceTree = "<group>";
		};
		6C9B43712EC7F3F9000FB8B6 /* Products */ = {
			isa = PBXGroup;
			children = (
				6C9B43702EC7F3F9000FB8B6 /* day18.app */,
				6C9B43802EC7F3FB000FB8B6 /* day18Tests.xctest */,
				6C9B438A2EC7F3FB000FB8B6 /* day18UITests.xctest */,
			);
			name = Products;
			sourceTree = "<group>";
		};
/* End PBXGroup section */

/* Begin PBXNativeTarget section */
		6C9B436F2EC7F3F9000FB8B6 /* day18 */ = {
			isa = PBXNativeTarget;
			buildConfigurationList = 6C9B43942EC7F3FB000FB8B6 /* Build configuration list for PBXNativeTarget "day18" */;
			buildPhases = (
				6C9B436C2EC7F3F9000FB8B6 /* Sources */,
				6C9B436D2EC7F3F9000FB8B6 /* Frameworks */,
				6C9B436E2EC7F3F9000FB8B6 /* Resources */,
			);
			buildRules = (
			);
			dependencies = (
			);
			fileSystemSynchronizedGroups = (
				6C9B43722EC7F3F9000FB8B6 /* day18 */,
			);
			name = day18;
			packageProductDependencies = (
			);
			productName = day18;
			productReference = 6C9B43702EC7F3F9000FB8B6 /* day18.app */;
			productType = "com.apple.product-type.application";
		};
		6C9B437F2EC7F3FB000FB8B6 /* day18Tests */ = {
			isa = PBXNativeTarget;
			buildConfigurationList = 6C9B43972EC7F3FB000FB8B6 /* Build configuration list for PBXNativeTarget "day18Tests" */;
			buildPhases = (
				6C9B437C2EC7F3FB000FB8B6 /* Sources */,
				6C9B437D2EC7F3FB000FB8B6 /* Frameworks */,
				6C9B437E2EC7F3FB000FB8B6 /* Resources */,
			);
			buildRules = (
			);
			dependencies = (
				6C9B43822EC7F3FB000FB8B6 /* PBXTargetDependency */,
			);
			fileSystemSynchronizedGroups = (
				6C9B43832EC7F3FB000FB8B6 /* day18Tests */,
			);
			name = day18Tests;
			packageProductDependencies = (
			);
			productName = day18Tests;
			productReference = 6C9B43802EC7F3FB000FB8B6 /* day18Tests.xctest */;
			productType = "com.apple.product-type.bundle.unit-test";
		};
		6C9B43892EC7F3FB000FB8B6 /* day18UITests */ = {
			isa = PBXNativeTarget;
			buildConfigurationList = 6C9B439A2EC7F3FB000FB8B6 /* Build configuration list for PBXNativeTarget "day18UITests" */;
			buildPhases = (
				6C9B43862EC7F3FB000FB8B6 /* Sources */,
				6C9B43872EC7F3FB000FB8B6 /* Frameworks */,
				6C9B43882EC7F3FB000FB8B6 /* Resources */,
			);
			buildRules = (
			);
			dependencies = (
				6C9B438C2EC7F3FB000FB8B6 /* PBXTargetDependency */,
			);
			fileSystemSynchronizedGroups = (
				6C9B438D2EC7F3FB000FB8B6 /* day18UITests */,
			);
			name = day18UITests;
			packageProductDependencies = (
			);
			productName = day18UITests;
			productReference = 6C9B438A2EC7F3FB000FB8B6 /* day18UITests.xctest */;
			productType = "com.apple.product-type.bundle.ui-testing";
		};
/* End PBXNativeTarget section */

/* Begin PBXProject section */
		6C9B43682EC7F3F9000FB8B6 /* Project object */ = {
			isa = PBXProject;
			attributes = {
				BuildIndependentTargetsInParallel = 1;
				LastSwiftUpdateCheck = 1620;
				LastUpgradeCheck = 1620;
				TargetAttributes = {
					6C9B436F2EC7F3F9000FB8B6 = {
						CreatedOnToolsVersion = 16.2;
					};
					6C9B437F2EC7F3FB000FB8B6 = {
						CreatedOnToolsVersion = 16.2;
						TestTargetID = 6C9B436F2EC7F3F9000FB8B6;
					};
					6C9B43892EC7F3FB000FB8B6 = {
						CreatedOnToolsVersion = 16.2;
						TestTargetID = 6C9B436F2EC7F3F9000FB8B6;
					};
				};
			};
			buildConfigurationList = 6C9B436B2EC7F3F9000FB8B6 /* Build configuration list for PBXProject "day18" */;
			developmentRegion = en;
			hasScannedForEncodings = 0;
			knownRegions = (
				en,
				Base,
			);
			mainGroup = 6C9B43672EC7F3F9000FB8B6;
			minimizedProjectReferenceProxies = 1;
			preferredProjectObjectVersion = 77;
			productRefGroup = 6C9B43712EC7F3F9000FB8B6 /* Products */;
			projectDirPath = "";
			projectRoot = "";
			targets = (
				6C9B436F2EC7F3F9000FB8B6 /* day18 */,
				6C9B437F2EC7F3FB000FB8B6 /* day18Tests */,
				6C9B43892EC7F3FB000FB8B6 /* day18UITests */,
			);
		};
/* End PBXProject section */

/* Begin PBXResourcesBuildPhase section */
		6C9B436E2EC7F3F9000FB8B6 /* Resources */ = {
			isa = PBXResourcesBuildPhase;
			buildActionMask = 2147483647;
			files = (
			);
			runOnlyForDeploymentPostprocessing = 0;
		};
		6C9B437E2EC7F3FB000FB8B6 /* Resources */ = {
			isa = PBXResourcesBuildPhase;
			buildActionMask = 2147483647;
			files = (
			);
			runOnlyForDeploymentPostprocessing = 0;
		};
		6C9B43882EC7F3FB000FB8B6 /* Resources */ = {
			isa = PBXResourcesBuildPhase;
			buildActionMask = 2147483647;
			files = (
			);
			runOnlyForDeploymentPostprocessing = 0;
		};
/* End PBXResourcesBuildPhase section */

/* Begin PBXSourcesBuildPhase section */
		6C9B436C2EC7F3F9000FB8B6 /* Sources */ = {
			isa = PBXSourcesBuildPhase;
			buildActionMask = 2147483647;
			files = (
			);
			runOnlyForDeploymentPostprocessing = 0;
		};
		6C9B437C2EC7F3FB000FB8B6 /* Sources */ = {
			isa = PBXSourcesBuildPhase;
			buildActionMask = 2147483647;
			files = (
			);
			runOnlyForDeploymentPostprocessing = 0;
		};
		6C9B43862EC7F3FB000FB8B6 /* Sources */ = {
			isa = PBXSourcesBuildPhase;
			buildActionMask = 2147483647;
			files = (
			);
			runOnlyForDeploymentPostprocessing = 0;
		};
/* End PBXSourcesBuildPhase section */

/* Begin PBXTargetDependency section */
		6C9B43822EC7F3FB000FB8B6 /* PBXTargetDependency */ = {
			isa = PBXTargetDependency;
			target = 6C9B436F2EC7F3F9000FB8B6 /* day18 */;
			targetProxy = 6C9B43812EC7F3FB000FB8B6 /* PBXContainerItemProxy */;
		};
		6C9B438C2EC7F3FB000FB8B6 /* PBXTargetDependency */ = {
			isa = PBXTargetDependency;
			target = 6C9B436F2EC7F3F9000FB8B6 /* day18 */;
			targetProxy = 6C9B438B2EC7F3FB000FB8B6 /* PBXContainerItemProxy */;
		};
/* End PBXTargetDependency section */

/* Begin XCBuildConfiguration section */
		6C9B43922EC7F3FB000FB8B6 /* Debug */ = {
			isa = XCBuildConfiguration;
			buildSettings = {
				ALWAYS_SEARCH_USER_PATHS = NO;
				ASSETCATALOG_COMPILER_GENERATE_SWIFT_ASSET_SYMBOL_EXTENSIONS = YES;
				CLANG_ANALYZER_NONNULL = YES;
				CLANG_ANALYZER_NUMBER_OBJECT_CONVERSION = YES_AGGRESSIVE;
				CLANG_CXX_LANGUAGE_STANDARD = "gnu++20";
				CLANG_ENABLE_MODULES = YES;
				CLANG_ENABLE_OBJC_ARC = YES;
				CLANG_ENABLE_OBJC_WEAK = YES;
				CLANG_WARN_BLOCK_CAPTURE_AUTORELEASING = YES;
				CLANG_WARN_BOOL_CONVERSION = YES;
				CLANG_WARN_COMMA = YES;
				CLANG_WARN_CONSTANT_CONVERSION = YES;
				CLANG_WARN_DEPRECATED_OBJC_IMPLEMENTATIONS = YES;
				CLANG_WARN_DIRECT_OBJC_ISA_USAGE = YES_ERROR;
				CLANG_WARN_DOCUMENTATION_COMMENTS = YES;
				CLANG_WARN_EMPTY_BODY = YES;
				CLANG_WARN_ENUM_CONVERSION = YES;
				CLANG_WARN_INFINITE_RECURSION = YES;
				CLANG_WARN_INT_CONVERSION = YES;
				CLANG_WARN_NON_LITERAL_NULL_CONVERSION = YES;
				CLANG_WARN_OBJC_IMPLICIT_RETAIN_SELF = YES;
				CLANG_WARN_OBJC_LITERAL_CONVERSION = YES;
				CLANG_WARN_OBJC_ROOT_CLASS = YES_ERROR;
				CLANG_WARN_QUOTED_INCLUDE_IN_FRAMEWORK_HEADER = YES;
				CLANG_WARN_RANGE_LOOP_ANALYSIS = YES;
				CLANG_WARN_STRICT_PROTOTYPES = YES;
				CLANG_WARN_SUSPICIOUS_MOVE = YES;
				CLANG_WARN_UNGUARDED_AVAILABILITY = YES_AGGRESSIVE;
				CLANG_WARN_UNREACHABLE_CODE = YES;
				CLANG_WARN__DUPLICATE_METHOD_MATCH = YES;
				COPY_PHASE_STRIP = NO;
				DEBUG_INFORMATION_FORMAT = dwarf;
				ENABLE_STRICT_OBJC_MSGSEND = YES;
				ENABLE_TESTABILITY = YES;
				ENABLE_USER_SCRIPT_SANDBOXING = YES;
				GCC_C_LANGUAGE_STANDARD = gnu17;
				GCC_DYNAMIC_NO_PIC = NO;
				GCC_NO_COMMON_BLOCKS = YES;
				GCC_OPTIMIZATION_LEVEL = 0;
				GCC_PREPROCESSOR_DEFINITIONS = (
					"DEBUG=1",
					"$(inherited)",
				);
				GCC_WARN_64_TO_32_BIT_CONVERSION = YES;
				GCC_WARN_ABOUT_RETURN_TYPE = YES_ERROR;
				GCC_WARN_UNDECLARED_SELECTOR = YES;
				GCC_WARN_UNINITIALIZED_AUTOS = YES_AGGRESSIVE;
				GCC_WARN_UNUSED_FUNCTION = YES;
				GCC_WARN_UNUSED_VARIABLE = YES;
				IPHONEOS_DEPLOYMENT_TARGET = 18.2;
				LOCALIZATION_PREFERS_STRING_CATALOGS = YES;
				MTL_ENABLE_DEBUG_INFO = INCLUDE_SOURCE;
				MTL_FAST_MATH = YES;
				ONLY_ACTIVE_ARCH = YES;
				SDKROOT = iphoneos;
				SWIFT_ACTIVE_COMPILATION_CONDITIONS = "DEBUG $(inherited)";
				SWIFT_OPTIMIZATION_LEVEL = "-Onone";
			};
			name = Debug;
		};
		6C9B43932EC7F3FB000FB8B6 /* Release */ = {
			isa = XCBuildConfiguration;
			buildSettings = {
				ALWAYS_SEARCH_USER_PATHS = NO;
				ASSETCATALOG_COMPILER_GENERATE_SWIFT_ASSET_SYMBOL_EXTENSIONS = YES;
				CLANG_ANALYZER_NONNULL = YES;
				CLANG_ANALYZER_NUMBER_OBJECT_CONVERSION = YES_AGGRESSIVE;
				CLANG_CXX_LANGUAGE_STANDARD = "gnu++20";
				CLANG_ENABLE_MODULES = YES;
				CLANG_ENABLE_OBJC_ARC = YES;
				CLANG_ENABLE_OBJC_WEAK = YES;
				CLANG_WARN_BLOCK_CAPTURE_AUTORELEASING = YES;
				CLANG_WARN_BOOL_CONVERSION = YES;
				CLANG_WARN_COMMA = YES;
				CLANG_WARN_CONSTANT_CONVERSION = YES;
				CLANG_WARN_DEPRECATED_OBJC_IMPLEMENTATIONS = YES;
				CLANG_WARN_DIRECT_OBJC_ISA_USAGE = YES_ERROR;
				CLANG_WARN_DOCUMENTATION_COMMENTS = YES;
				CLANG_WARN_EMPTY_BODY = YES;
				CLANG_WARN_ENUM_CONVERSION = YES;
				CLANG_WARN_INFINITE_RECURSION = YES;
				CLANG_WARN_INT_CONVERSION = YES;
				CLANG_WARN_NON_LITERAL_NULL_CONVERSION = YES;
				CLANG_WARN_OBJC_IMPLICIT_RETAIN_SELF = YES;
				CLANG_WARN_OBJC_LITERAL_CONVERSION = YES;
				CLANG_WARN_OBJC_ROOT_CLASS = YES_ERROR;
				CLANG_WARN_QUOTED_INCLUDE_IN_FRAMEWORK_HEADER = YES;
				CLANG_WARN_RANGE_LOOP_ANALYSIS = YES;
				CLANG_WARN_STRICT_PROTOTYPES = YES;
				CLANG_WARN_SUSPICIOUS_MOVE = YES;
				CLANG_WARN_UNGUARDED_AVAILABILITY = YES_AGGRESSIVE;
				CLANG_WARN_UNREACHABLE_CODE = YES;
				CLANG_WARN__DUPLICATE_METHOD_MATCH = YES;
				COPY_PHASE_STRIP = NO;
				DEBUG_INFORMATION_FORMAT = "dwarf-with-dsym";
				ENABLE_NS_ASSERTIONS = NO;
				ENABLE_STRICT_OBJC_MSGSEND = YES;
				ENABLE_USER_SCRIPT_SANDBOXING = YES;
				GCC_C_LANGUAGE_STANDARD = gnu17;
				GCC_NO_COMMON_BLOCKS = YES;
				GCC_WARN_64_TO_32_BIT_CONVERSION = YES;
				GCC_WARN_ABOUT_RETURN_TYPE = YES_ERROR;
				GCC_WARN_UNDECLARED_SELECTOR = YES;
				GCC_WARN_UNINITIALIZED_AUTOS = YES_AGGRESSIVE;
				GCC_WARN_UNUSED_FUNCTION = YES;
				GCC_WARN_UNUSED_VARIABLE = YES;
				IPHONEOS_DEPLOYMENT_TARGET = 18.2;
				LOCALIZATION_PREFERS_STRING_CATALOGS = YES;
				MTL_ENABLE_DEBUG_INFO = NO;
				MTL_FAST_MATH = YES;
				SDKROOT = iphoneos;
				SWIFT_COMPILATION_MODE = wholemodule;
				VALIDATE_PRODUCT = YES;
			};
			name = Release;
		};
		6C9B43952EC7F3FB000FB8B6 /* Debug */ = {
			isa = XCBuildConfiguration;
			buildSettings = {
				ASSETCATALOG_COMPILER_APPICON_NAME = AppIcon;
				ASSETCATALOG_COMPILER_GLOBAL_ACCENT_COLOR_NAME = AccentColor;
				CODE_SIGN_STYLE = Automatic;
				CURRENT_PROJECT_VERSION = 1;
				DEVELOPMENT_ASSET_PATHS = "\"day18/Preview Content\"";
				DEVELOPMENT_TEAM = L56LNTR7PZ;
				ENABLE_PREVIEWS = YES;
				GENERATE_INFOPLIST_FILE = YES;
				INFOPLIST_KEY_UIApplicationSceneManifest_Generation = YES;
				INFOPLIST_KEY_UIApplicationSupportsIndirectInputEvents = YES;
				INFOPLIST_KEY_UILaunchScreen_Generation = YES;
				INFOPLIST_KEY_UISupportedInterfaceOrientations_iPad = "UIInterfaceOrientationPortrait UIInterfaceOrientationPortraitUpsideDown UIInterfaceOrientationLandscapeLeft UIInterfaceOrientationLandscapeRight";
				INFOPLIST_KEY_UISupportedInterfaceOrientations_iPhone = "UIInterfaceOrientationPortrait UIInterfaceOrientationLandscapeLeft UIInterfaceOrientationLandscapeRight";
				LD_RUNPATH_SEARCH_PATHS = (
					"$(inherited)",
					"@executable_path/Frameworks",
				);
				MARKETING_VERSION = 1.0;
				PRODUCT_BUNDLE_IDENTIFIER = com.study.day18;
				PRODUCT_NAME = "$(TARGET_NAME)";
				SWIFT_EMIT_LOC_STRINGS = YES;
				SWIFT_VERSION = 5.0;
				TARGETED_DEVICE_FAMILY = "1,2";
			};
			name = Debug;
		};
		6C9B43962EC7F3FB000FB8B6 /* Release */ = {
			isa = XCBuildConfiguration;
			buildSettings = {
				ASSETCATALOG_COMPILER_APPICON_NAME = AppIcon;
				ASSETCATALOG_COMPILER_GLOBAL_ACCENT_COLOR_NAME = AccentColor;
				CODE_SIGN_STYLE = Automatic;
				CURRENT_PROJECT_VERSION = 1;
				DEVELOPMENT_ASSET_PATHS = "\"day18/Preview Content\"";
				DEVELOPMENT_TEAM = L56LNTR7PZ;
				ENABLE_PREVIEWS = YES;
				GENERATE_INFOPLIST_FILE = YES;
				INFOPLIST_KEY_UIApplicationSceneManifest_Generation = YES;
				INFOPLIST_KEY_UIApplicationSupportsIndirectInputEvents = YES;
				INFOPLIST_KEY_UILaunchScreen_Generation = YES;
				INFOPLIST_KEY_UISupportedInterfaceOrientations_iPad = "UIInterfaceOrientationPortrait UIInterfaceOrientationPortraitUpsideDown UIInterfaceOrientationLandscapeLeft UIInterfaceOrientationLandscapeRight";
				INFOPLIST_KEY_UISupportedInterfaceOrientations_iPhone = "UIInterfaceOrientationPortrait UIInterfaceOrientationLandscapeLeft UIInterfaceOrientationLandscapeRight";
				LD_RUNPATH_SEARCH_PATHS = (
					"$(inherited)",
					"@executable_path/Frameworks",
				);
				MARKETING_VERSION = 1.0;
				PRODUCT_BUNDLE_IDENTIFIER = com.study.day18;
				PRODUCT_NAME = "$(TARGET_NAME)";
				SWIFT_EMIT_LOC_STRINGS = YES;
				SWIFT_VERSION = 5.0;
				TARGETED_DEVICE_FAMILY = "1,2";
			};
			name = Release;
		};
		6C9B43982EC7F3FB000FB8B6 /* Debug */ = {
			isa = XCBuildConfiguration;
			buildSettings = {
				BUNDLE_LOADER = "$(TEST_HOST)";
				CODE_SIGN_STYLE = Automatic;
				CURRENT_PROJECT_VERSION = 1;
				DEVELOPMENT_TEAM = L56LNTR7PZ;
				GENERATE_INFOPLIST_FILE = YES;
				IPHONEOS_DEPLOYMENT_TARGET = 18.2;
				MARKETING_VERSION = 1.0;
				PRODUCT_BUNDLE_IDENTIFIER = com.study.day18Tests;
				PRODUCT_NAME = "$(TARGET_NAME)";
				SWIFT_EMIT_LOC_STRINGS = NO;
				SWIFT_VERSION = 5.0;
				TARGETED_DEVICE_FAMILY = "1,2";
				TEST_HOST = "$(BUILT_PRODUCTS_DIR)/day18.app/$(BUNDLE_EXECUTABLE_FOLDER_PATH)/day18";
			};
			name = Debug;
		};
		6C9B43992EC7F3FB000FB8B6 /* Release */ = {
			isa = XCBuildConfiguration;
			buildSettings = {
				BUNDLE_LOADER = "$(TEST_HOST)";
				CODE_SIGN_STYLE = Automatic;
				CURRENT_PROJECT_VERSION = 1;
				DEVELOPMENT_TEAM = L56LNTR7PZ;
				GENERATE_INFOPLIST_FILE = YES;
				IPHONEOS_DEPLOYMENT_TARGET = 18.2;
				MARKETING_VERSION = 1.0;
				PRODUCT_BUNDLE_IDENTIFIER = com.study.day18Tests;
				PRODUCT_NAME = "$(TARGET_NAME)";
				SWIFT_EMIT_LOC_STRINGS = NO;
				SWIFT_VERSION = 5.0;
				TARGETED_DEVICE_FAMILY = "1,2";
				TEST_HOST = "$(BUILT_PRODUCTS_DIR)/day18.app/$(BUNDLE_EXECUTABLE_FOLDER_PATH)/day18";
			};
			name = Release;
		};
		6C9B439B2EC7F3FB000FB8B6 /* Debug */ = {
			isa = XCBuildConfiguration;
			buildSettings = {
				CODE_SIGN_STYLE = Automatic;
				CURRENT_PROJECT_VERSION = 1;
				DEVELOPMENT_TEAM = L56LNTR7PZ;
				GENERATE_INFOPLIST_FILE = YES;
				MARKETING_VERSION = 1.0;
				PRODUCT_BUNDLE_IDENTIFIER = com.study.day18UITests;
				PRODUCT_NAME = "$(TARGET_NAME)";
				SWIFT_EMIT_LOC_STRINGS = NO;
				SWIFT_VERSION = 5.0;
				TARGETED_DEVICE_FAMILY = "1,2";
				TEST_TARGET_NAME = day18;
			};
			name = Debug;
		};
		6C9B439C2EC7F3FB000FB8B6 /* Release */ = {
			isa = XCBuildConfiguration;
			buildSettings = {
				CODE_SIGN_STYLE = Automatic;
				CURRENT_PROJECT_VERSION = 1;
				DEVELOPMENT_TEAM = L56LNTR7PZ;
				GENERATE_INFOPLIST_FILE = YES;
				MARKETING_VERSION = 1.0;
				PRODUCT_BUNDLE_IDENTIFIER = com.study.day18UITests;
				PRODUCT_NAME = "$(TARGET_NAME)";
				SWIFT_EMIT_LOC_STRINGS = NO;
				SWIFT_VERSION = 5.0;
				TARGETED_DEVICE_FAMILY = "1,2";
				TEST_TARGET_NAME = day18;
			};
			name = Release;
		};
/* End XCBuildConfiguration section */

/* Begin XCConfigurationList section */
		6C9B436B2EC7F3F9000FB8B6 /* Build configuration list for PBXProject "day18" */ = {
			isa = XCConfigurationList;
			buildConfigurations = (
				6C9B43922EC7F3FB000FB8B6 /* Debug */,
				6C9B43932EC7F3FB000FB8B6 /* Release */,
			);
			defaultConfigurationIsVisible = 0;
			defaultConfigurationName = Release;
		};
		6C9B43942EC7F3FB000FB8B6 /* Build configuration list for PBXNativeTarget "day18" */ = {
			isa = XCConfigurationList;
			buildConfigurations = (
				6C9B43952EC7F3FB000FB8B6 /* Debug */,
				6C9B43962EC7F3FB000FB8B6 /* Release */,
			);
			defaultConfigurationIsVisible = 0;
			defaultConfigurationName = Release;
		};
		6C9B43972EC7F3FB000FB8B6 /* Build configuration list for PBXNativeTarget "day18Tests" */ = {
			isa = XCConfigurationList;
			buildConfigurations = (
				6C9B43982EC7F3FB000FB8B6 /* Debug */,
				6C9B43992EC7F3FB000FB8B6 /* Release */,
			);
			defaultConfigurationIsVisible = 0;
			defaultConfigurationName = Release;
		};
		6C9B439A2EC7F3FB000FB8B6 /* Build configuration list for PBXNativeTarget "day18UITests" */ = {
			isa = XCConfigurationList;
			buildConfigurations = (
				6C9B439B2EC7F3FB000FB8B6 /* Debug */,
				6C9B439C2EC7F3FB000FB8B6 /* Release */,
			);
			defaultConfigurationIsVisible = 0;
			defaultConfigurationName = Release;
		};
/* End XCConfigurationList section */
	};
	rootObject = 6C9B43682EC7F3F9000FB8B6 /* Project object */;
}
